
Microsoft Visual Studio Solution File, Format Version 12.00
# Visual Studio 2013
VisualStudioVersion = 12.0.31101.0
MinimumVisualStudioVersion = 10.0.40219.1
Project("{FAE04EC0-301F-11D3-BF4B-00C04F79EFBC}") = "Tailor", "Tailor\Tailor.csproj", "{68F6A408-B0F2-4BB4-A0A4-278694FAB63D}"
EndProject
Project("{FAE04EC0-301F-11D3-BF4B-00C04F79EFBC}") = "Tailor.Tests", "UnitTestProject2\Tailor.Tests.csproj", "{2FE7925C-AC3E-4103-BF03-2D22F3D88610}"
EndProject
Project("{2150E333-8FDC-42A3-9474-1A3956D46DE8}") = ".nuget", ".nuget", "{08426B53-B9F2-420A-9147-641DFBFE04BE}"
	ProjectSection(SolutionItems) = preProject
		.nuget\packages.config = .nuget\packages.config
	EndProjectSection
EndProject
Project("{FAE04EC0-301F-11D3-BF4B-00C04F79EFBC}") = "Soldier.Tests", "Soldier.Tests\Soldier.Tests.csproj", "{273733E4-6283-4E52-9CED-10EFA609EB38}"
	ProjectSection(ProjectDependencies) = postProject
		{956F7FAD-B936-4ED7-9685-4D963E4CBDD6} = {956F7FAD-B936-4ED7-9685-4D963E4CBDD6}
	EndProjectSection
EndProject
Project("{FAE04EC0-301F-11D3-BF4B-00C04F79EFBC}") = "Soldier", "Soldier\Soldier.csproj", "{956F7FAD-B936-4ED7-9685-4D963E4CBDD6}"
	ProjectSection(ProjectDependencies) = postProject
		{31398E61-A04D-4138-8BD3-E892E22DF053} = {31398E61-A04D-4138-8BD3-E892E22DF053}
		{CD844BAD-7BA1-49AC-9553-49EB9F7DC17D} = {CD844BAD-7BA1-49AC-9553-49EB9F7DC17D}
	EndProjectSection
EndProject
Project("{FAE04EC0-301F-11D3-BF4B-00C04F79EFBC}") = "MkDir", "MkDir\MkDir.csproj", "{CD844BAD-7BA1-49AC-9553-49EB9F7DC17D}"
EndProject
Project("{FAE04EC0-301F-11D3-BF4B-00C04F79EFBC}") = "GenerateFile", "GenerateFile\GenerateFile.csproj", "{31398E61-A04D-4138-8BD3-E892E22DF053}"
EndProject
Global
	GlobalSection(SolutionConfigurationPlatforms) = preSolution
		Debug|Any CPU = Debug|Any CPU
		Release|Any CPU = Release|Any CPU
	EndGlobalSection
	GlobalSection(ProjectConfigurationPlatforms) = postSolution
		{68F6A408-B0F2-4BB4-A0A4-278694FAB63D}.Debug|Any CPU.ActiveCfg = Debug|Any CPU
		{68F6A408-B0F2-4BB4-A0A4-278694FAB63D}.Debug|Any CPU.Build.0 = Debug|Any CPU
		{68F6A408-B0F2-4BB4-A0A4-278694FAB63D}.Release|Any CPU.ActiveCfg = Release|Any CPU
		{68F6A408-B0F2-4BB4-A0A4-278694FAB63D}.Release|Any CPU.Build.0 = Release|Any CPU
		{2FE7925C-AC3E-4103-BF03-2D22F3D88610}.Debug|Any CPU.ActiveCfg = Debug|Any CPU
		{2FE7925C-AC3E-4103-BF03-2D22F3D88610}.Debug|Any CPU.Build.0 = Debug|Any CPU
		{2FE7925C-AC3E-4103-BF03-2D22F3D88610}.Release|Any CPU.ActiveCfg = Release|Any CPU
		{2FE7925C-AC3E-4103-BF03-2D22F3D88610}.Release|Any CPU.Build.0 = Release|Any CPU
		{273733E4-6283-4E52-9CED-10EFA609EB38}.Debug|Any CPU.ActiveCfg = Debug|Any CPU
		{273733E4-6283-4E52-9CED-10EFA609EB38}.Debug|Any CPU.Build.0 = Debug|Any CPU
		{273733E4-6283-4E52-9CED-10EFA609EB38}.Release|Any CPU.ActiveCfg = Release|Any CPU
		{273733E4-6283-4E52-9CED-10EFA609EB38}.Release|Any CPU.Build.0 = Release|Any CPU
		{956F7FAD-B936-4ED7-9685-4D963E4CBDD6}.Debug|Any CPU.ActiveCfg = Debug|Any CPU
		{956F7FAD-B936-4ED7-9685-4D963E4CBDD6}.Debug|Any CPU.Build.0 = Debug|Any CPU
		{956F7FAD-B936-4ED7-9685-4D963E4CBDD6}.Release|Any CPU.ActiveCfg = Release|Any CPU
		{956F7FAD-B936-4ED7-9685-4D963E4CBDD6}.Release|Any CPU.Build.0 = Release|Any CPU
		{CD844BAD-7BA1-49AC-9553-49EB9F7DC17D}.Debug|Any CPU.ActiveCfg = Debug|Any CPU
		{CD844BAD-7BA1-49AC-9553-49EB9F7DC17D}.Debug|Any CPU.Build.0 = Debug|Any CPU
		{CD844BAD-7BA1-49AC-9553-49EB9F7DC17D}.Release|Any CPU.ActiveCfg = Release|Any CPU
		{CD844BAD-7BA1-49AC-9553-49EB9F7DC17D}.Release|Any CPU.Build.0 = Release|Any CPU
		{31398E61-A04D-4138-8BD3-E892E22DF053}.Debug|Any CPU.ActiveCfg = Debug|Any CPU
		{31398E61-A04D-4138-8BD3-E892E22DF053}.Debug|Any CPU.Build.0 = Debug|Any CPU
		{31398E61-A04D-4138-8BD3-E892E22DF053}.Release|Any CPU.ActiveCfg = Release|Any CPU
		{31398E61-A04D-4138-8BD3-E892E22DF053}.Release|Any CPU.Build.0 = Release|Any CPU
	EndGlobalSection
	GlobalSection(SolutionProperties) = preSolution
		HideSolutionNode = FALSE
	EndGlobalSection
EndGlobal
