
Microsoft Visual Studio Solution File, Format Version 12.00
# Visual Studio 2013
VisualStudioVersion = 12.0.31101.0
MinimumVisualStudioVersion = 10.0.40219.1
Project("{FAE04EC0-301F-11D3-BF4B-00C04F79EFBC}") = "Builder", "Builder\Builder.csproj", "{68F6A408-B0F2-4BB4-A0A4-278694FAB63D}"
EndProject
Project("{2150E333-8FDC-42A3-9474-1A3956D46DE8}") = ".nuget", ".nuget", "{08426B53-B9F2-420A-9147-641DFBFE04BE}"
	ProjectSection(SolutionItems) = preProject
		.nuget\NuGet.Config = .nuget\NuGet.Config
		.nuget\NuGet.exe = .nuget\NuGet.exe
		.nuget\NuGet.targets = .nuget\NuGet.targets
		.nuget\packages.config = .nuget\packages.config
	EndProjectSection
EndProject
Project("{FAE04EC0-301F-11D3-BF4B-00C04F79EFBC}") = "Launcher.Tests", "Launcher.Tests\Launcher.Tests.csproj", "{273733E4-6283-4E52-9CED-10EFA609EB38}"
	ProjectSection(ProjectDependencies) = postProject
		{956F7FAD-B936-4ED7-9685-4D963E4CBDD6} = {956F7FAD-B936-4ED7-9685-4D963E4CBDD6}
	EndProjectSection
EndProject
Project("{FAE04EC0-301F-11D3-BF4B-00C04F79EFBC}") = "Launcher", "Launcher\Launcher.csproj", "{956F7FAD-B936-4ED7-9685-4D963E4CBDD6}"
EndProject
Project("{FAE04EC0-301F-11D3-BF4B-00C04F79EFBC}") = "Healthcheck", "Healthcheck\Healthcheck.csproj", "{3726B016-605C-4ACA-A282-052CA1AD9AAD}"
EndProject
Project("{FAE04EC0-301F-11D3-BF4B-00C04F79EFBC}") = "Builder.Tests", "Builder.Tests\Builder.Tests.csproj", "{2FE7925C-AC3E-4103-BF03-2D22F3D88610}"
EndProject
Project("{FAE04EC0-301F-11D3-BF4B-00C04F79EFBC}") = "WebAppServer", "WebAppServer\WebAppServer.csproj", "{DC9F6EDC-5779-481C-9424-7C4CD63620B3}"
EndProject
Project("{FAE04EC0-301F-11D3-BF4B-00C04F79EFBC}") = "WebAppServer.Tests", "WebAppServer.Tests\WebAppServer.Tests.csproj", "{74217BBF-73AF-4F95-9116-FA86C9830718}"
EndProject
Project("{FAE04EC0-301F-11D3-BF4B-00C04F79EFBC}") = "Healthcheck.Tests", "Healthcheck.Tests\Healthcheck.Tests.csproj", "{7D4C21BC-161A-4C46-A2AD-2ABFDFEB048C}"
EndProject
Global
	GlobalSection(SolutionConfigurationPlatforms) = preSolution
		Debug|Any CPU = Debug|Any CPU
		Release|Any CPU = Release|Any CPU
	EndGlobalSection
	GlobalSection(ProjectConfigurationPlatforms) = postSolution
		{68F6A408-B0F2-4BB4-A0A4-278694FAB63D}.Debug|Any CPU.ActiveCfg = Debug|Any CPU
		{68F6A408-B0F2-4BB4-A0A4-278694FAB63D}.Debug|Any CPU.Build.0 = Debug|Any CPU
		{68F6A408-B0F2-4BB4-A0A4-278694FAB63D}.Release|Any CPU.ActiveCfg = Release|Any CPU
		{68F6A408-B0F2-4BB4-A0A4-278694FAB63D}.Release|Any CPU.Build.0 = Release|Any CPU
		{273733E4-6283-4E52-9CED-10EFA609EB38}.Debug|Any CPU.ActiveCfg = Debug|Any CPU
		{273733E4-6283-4E52-9CED-10EFA609EB38}.Debug|Any CPU.Build.0 = Debug|Any CPU
		{273733E4-6283-4E52-9CED-10EFA609EB38}.Release|Any CPU.ActiveCfg = Release|Any CPU
		{273733E4-6283-4E52-9CED-10EFA609EB38}.Release|Any CPU.Build.0 = Release|Any CPU
		{956F7FAD-B936-4ED7-9685-4D963E4CBDD6}.Debug|Any CPU.ActiveCfg = Debug|Any CPU
		{956F7FAD-B936-4ED7-9685-4D963E4CBDD6}.Debug|Any CPU.Build.0 = Debug|Any CPU
		{956F7FAD-B936-4ED7-9685-4D963E4CBDD6}.Release|Any CPU.ActiveCfg = Release|Any CPU
		{956F7FAD-B936-4ED7-9685-4D963E4CBDD6}.Release|Any CPU.Build.0 = Release|Any CPU
		{3726B016-605C-4ACA-A282-052CA1AD9AAD}.Debug|Any CPU.ActiveCfg = Debug|Any CPU
		{3726B016-605C-4ACA-A282-052CA1AD9AAD}.Debug|Any CPU.Build.0 = Debug|Any CPU
		{3726B016-605C-4ACA-A282-052CA1AD9AAD}.Release|Any CPU.ActiveCfg = Release|Any CPU
		{3726B016-605C-4ACA-A282-052CA1AD9AAD}.Release|Any CPU.Build.0 = Release|Any CPU
		{2FE7925C-AC3E-4103-BF03-2D22F3D88610}.Debug|Any CPU.ActiveCfg = Debug|Any CPU
		{2FE7925C-AC3E-4103-BF03-2D22F3D88610}.Debug|Any CPU.Build.0 = Debug|Any CPU
		{2FE7925C-AC3E-4103-BF03-2D22F3D88610}.Release|Any CPU.ActiveCfg = Release|Any CPU
		{2FE7925C-AC3E-4103-BF03-2D22F3D88610}.Release|Any CPU.Build.0 = Release|Any CPU
		{DC9F6EDC-5779-481C-9424-7C4CD63620B3}.Debug|Any CPU.ActiveCfg = Debug|Any CPU
		{DC9F6EDC-5779-481C-9424-7C4CD63620B3}.Debug|Any CPU.Build.0 = Debug|Any CPU
		{DC9F6EDC-5779-481C-9424-7C4CD63620B3}.Release|Any CPU.ActiveCfg = Release|Any CPU
		{DC9F6EDC-5779-481C-9424-7C4CD63620B3}.Release|Any CPU.Build.0 = Release|Any CPU
		{74217BBF-73AF-4F95-9116-FA86C9830718}.Debug|Any CPU.ActiveCfg = Debug|Any CPU
		{74217BBF-73AF-4F95-9116-FA86C9830718}.Debug|Any CPU.Build.0 = Debug|Any CPU
		{74217BBF-73AF-4F95-9116-FA86C9830718}.Release|Any CPU.ActiveCfg = Release|Any CPU
		{74217BBF-73AF-4F95-9116-FA86C9830718}.Release|Any CPU.Build.0 = Release|Any CPU
		{7D4C21BC-161A-4C46-A2AD-2ABFDFEB048C}.Debug|Any CPU.ActiveCfg = Debug|Any CPU
		{7D4C21BC-161A-4C46-A2AD-2ABFDFEB048C}.Debug|Any CPU.Build.0 = Debug|Any CPU
		{7D4C21BC-161A-4C46-A2AD-2ABFDFEB048C}.Release|Any CPU.ActiveCfg = Release|Any CPU
		{7D4C21BC-161A-4C46-A2AD-2ABFDFEB048C}.Release|Any CPU.Build.0 = Release|Any CPU
	EndGlobalSection
	GlobalSection(SolutionProperties) = preSolution
		HideSolutionNode = FALSE
	EndGlobalSection
EndGlobal
